{"is_source_file": false, "format": "", "description": "", "external_files": [], "external_methods": [], "published": [], "classes": [], "methods": [], "calls": [], "search-terms": [], "state": 2, "file_id": 18, "knowledge_revision": 37, "git_revision": "f24ebdf544bc8efa363a687121e4003fba486c2f", "hash": "e9b4c3b42cef0193b7fddb548d37e652", "format-version": 4, "code-base-name": "default", "filename": "jobmatchpro/post_process_status.lock", "revision_history": [{"37": "f24ebdf544bc8efa363a687121e4003fba486c2f"}]}