{"is_source_file": false, "format": "", "description": "", "external_files": [], "external_methods": [], "published": [], "classes": [], "methods": [], "calls": [], "search-terms": [], "state": 2, "file_id": 10, "knowledge_revision": 32, "git_revision": "a47d50ecff22f2e1d0eeb4ad39711d0381330b16", "hash": "9c4ed7ef73e22b872b8055bec08b8979", "format-version": 4, "code-base-name": "default", "filename": "jobmatchpro_frontend/post_process_status.lock", "revision_history": [{"32": "a47d50ecff22f2e1d0eeb4ad39711d0381330b16"}]}