{"is_source_file": false, "format": "", "description": "", "external_files": [], "external_methods": [], "published": [], "classes": [], "methods": [], "calls": [], "search-terms": [], "state": 2, "file_id": 30, "knowledge_revision": 61, "git_revision": "9408c425c50f972d52191f5a14bd186173d28fdd", "hash": "e9b4c3b42cef0193b7fddb548d37e652", "format-version": 4, "code-base-name": "default", "filename": "jobmatchpro/post_process_status.lock", "revision_history": [{"61": "9408c425c50f972d52191f5a14bd186173d28fdd"}]}